
Microsoft Visual Studio Solution File, Format Version 12.00
Project("{FAE04EC0-301F-11D3-BF4B-00C04F79EFBC}") = "BBCFinanceBot", "BBCFinanceBot\BBCFinanceBot.csproj", "{0994F1E1-8C70-4F60-AA2D-E40C5B49376B}"
EndProject
Global
	GlobalSection(SolutionConfigurationPlatforms) = preSolution
		Debug|Any CPU = Debug|Any CPU
		Release|Any CPU = Release|Any CPU
	EndGlobalSection
	GlobalSection(ProjectConfigurationPlatforms) = postSolution
		{0994F1E1-8C70-4F60-AA2D-E40C5B49376B}.Debug|Any CPU.ActiveCfg = Debug|Any CPU
		{0994F1E1-8C70-4F60-AA2D-E40C5B49376B}.Debug|Any CPU.Build.0 = Debug|Any CPU
		{0994F1E1-8C70-4F60-AA2D-E40C5B49376B}.Release|Any CPU.ActiveCfg = Release|Any CPU
		{0994F1E1-8C70-4F60-AA2D-E40C5B49376B}.Release|Any CPU.Build.0 = Release|Any CPU
	EndGlobalSection
EndGlobal
